
Microsoft Visual Studio Solution File, Format Version 12.00
# Visual Studio Version 16
VisualStudioVersion = 16.0.28803.202
MinimumVisualStudioVersion = 10.0.40219.1
Project("{FAE04EC0-301F-11D3-BF4B-00C04F79EFBC}") = "FizzBuzz", "FizzBuzz\FizzBuzz.csproj", "{A3EB7459-C428-49F7-AC99-301688FC1910}"
EndProject
Project("{FAE04EC0-301F-11D3-BF4B-00C04F79EFBC}") = "FizzBuzz.Tests", "FizzBuzz.Tests\FizzBuzz.Tests.csproj", "{CD727A6A-672A-4256-B8ED-B36338776E44}"
EndProject
Global
	GlobalSection(SolutionConfigurationPlatforms) = preSolution
		Debug|Any CPU = Debug|Any CPU
		Release|Any CPU = Release|Any CPU
	EndGlobalSection
	GlobalSection(ProjectConfigurationPlatforms) = postSolution
		{A3EB7459-C428-49F7-AC99-301688FC1910}.Debug|Any CPU.ActiveCfg = Debug|Any CPU
		{A3EB7459-C428-49F7-AC99-301688FC1910}.Debug|Any CPU.Build.0 = Debug|Any CPU
		{A3EB7459-C428-49F7-AC99-301688FC1910}.Release|Any CPU.ActiveCfg = Release|Any CPU
		{A3EB7459-C428-49F7-AC99-301688FC1910}.Release|Any CPU.Build.0 = Release|Any CPU
		{CD727A6A-672A-4256-B8ED-B36338776E44}.Debug|Any CPU.ActiveCfg = Debug|Any CPU
		{CD727A6A-672A-4256-B8ED-B36338776E44}.Debug|Any CPU.Build.0 = Debug|Any CPU
		{CD727A6A-672A-4256-B8ED-B36338776E44}.Release|Any CPU.ActiveCfg = Release|Any CPU
		{CD727A6A-672A-4256-B8ED-B36338776E44}.Release|Any CPU.Build.0 = Release|Any CPU
	EndGlobalSection
	GlobalSection(SolutionProperties) = preSolution
		HideSolutionNode = FALSE
	EndGlobalSection
	GlobalSection(ExtensibilityGlobals) = postSolution
		SolutionGuid = {D485F8A7-EF63-47D6-8A0C-316C057E724B}
	EndGlobalSection
EndGlobal
