
Microsoft Visual Studio Solution File, Format Version 12.00
# Visual Studio Version 16
VisualStudioVersion = 16.0.28803.202
MinimumVisualStudioVersion = 10.0.40219.1
Project("{FAE04EC0-301F-11D3-BF4B-00C04F79EFBC}") = "FizzBuzz", "FizzBuzz\FizzBuzz.csproj", "{A3EB7459-C428-49F7-AC99-301688FC1910}"
EndProject
Project("{FAE04EC0-301F-11D3-BF4B-00C04F79EFBC}") = "FizzBuzz.Tests", "FizzBuzz.Tests\FizzBuzz.Tests.csproj", "{CD727A6A-672A-4256-B8ED-B36338776E44}"
EndProject
Project("{FAE04EC0-301F-11D3-BF4B-00C04F79EFBC}") = "FizzBuzzConsole", "FizzBuzzConsole\FizzBuzzConsole.csproj", "{B442FBD7-F824-4C1F-8135-7A5DC21CED84}"
EndProject
Project("{FAE04EC0-301F-11D3-BF4B-00C04F79EFBC}") = "FizzBuzzWinForm", "FizzBuzzWinForm\FizzBuzzWinForm.csproj", "{4A0A55B3-AB20-41CC-92E4-F9D016C47165}"
EndProject
Project("{FAE04EC0-301F-11D3-BF4B-00C04F79EFBC}") = "FizzBuzzLogFile", "FizzBuzzLogFile\FizzBuzzLogFile.csproj", "{7D2AE592-2DC9-4D4D-93D3-31354D98B371}"
EndProject
Global
	GlobalSection(SolutionConfigurationPlatforms) = preSolution
		Debug|Any CPU = Debug|Any CPU
		Release|Any CPU = Release|Any CPU
	EndGlobalSection
	GlobalSection(ProjectConfigurationPlatforms) = postSolution
		{A3EB7459-C428-49F7-AC99-301688FC1910}.Debug|Any CPU.ActiveCfg = Debug|Any CPU
		{A3EB7459-C428-49F7-AC99-301688FC1910}.Debug|Any CPU.Build.0 = Debug|Any CPU
		{A3EB7459-C428-49F7-AC99-301688FC1910}.Release|Any CPU.ActiveCfg = Release|Any CPU
		{A3EB7459-C428-49F7-AC99-301688FC1910}.Release|Any CPU.Build.0 = Release|Any CPU
		{CD727A6A-672A-4256-B8ED-B36338776E44}.Debug|Any CPU.ActiveCfg = Debug|Any CPU
		{CD727A6A-672A-4256-B8ED-B36338776E44}.Debug|Any CPU.Build.0 = Debug|Any CPU
		{CD727A6A-672A-4256-B8ED-B36338776E44}.Release|Any CPU.ActiveCfg = Release|Any CPU
		{CD727A6A-672A-4256-B8ED-B36338776E44}.Release|Any CPU.Build.0 = Release|Any CPU
		{B442FBD7-F824-4C1F-8135-7A5DC21CED84}.Debug|Any CPU.ActiveCfg = Debug|Any CPU
		{B442FBD7-F824-4C1F-8135-7A5DC21CED84}.Debug|Any CPU.Build.0 = Debug|Any CPU
		{B442FBD7-F824-4C1F-8135-7A5DC21CED84}.Release|Any CPU.ActiveCfg = Release|Any CPU
		{B442FBD7-F824-4C1F-8135-7A5DC21CED84}.Release|Any CPU.Build.0 = Release|Any CPU
		{4A0A55B3-AB20-41CC-92E4-F9D016C47165}.Debug|Any CPU.ActiveCfg = Debug|Any CPU
		{4A0A55B3-AB20-41CC-92E4-F9D016C47165}.Debug|Any CPU.Build.0 = Debug|Any CPU
		{4A0A55B3-AB20-41CC-92E4-F9D016C47165}.Release|Any CPU.ActiveCfg = Release|Any CPU
		{4A0A55B3-AB20-41CC-92E4-F9D016C47165}.Release|Any CPU.Build.0 = Release|Any CPU
		{7D2AE592-2DC9-4D4D-93D3-31354D98B371}.Debug|Any CPU.ActiveCfg = Debug|Any CPU
		{7D2AE592-2DC9-4D4D-93D3-31354D98B371}.Debug|Any CPU.Build.0 = Debug|Any CPU
		{7D2AE592-2DC9-4D4D-93D3-31354D98B371}.Release|Any CPU.ActiveCfg = Release|Any CPU
		{7D2AE592-2DC9-4D4D-93D3-31354D98B371}.Release|Any CPU.Build.0 = Release|Any CPU
	EndGlobalSection
	GlobalSection(SolutionProperties) = preSolution
		HideSolutionNode = FALSE
	EndGlobalSection
	GlobalSection(ExtensibilityGlobals) = postSolution
		SolutionGuid = {D485F8A7-EF63-47D6-8A0C-316C057E724B}
	EndGlobalSection
EndGlobal
